
Microsoft Visual Studio Solution File, Format Version 12.00
# Visual Studio Version 17
VisualStudioVersion = 17.14.36811.4 d17.14
MinimumVisualStudioVersion = 10.0.40219.1
Project("{FAE04EC0-301F-11D3-BF4B-00C04F79EFBC}") = "Casting_StringFormatiing_Converting", "Casting_StringFormatiing_Converting.csproj", "{CC817120-BF0B-4683-814F-FA92B180BEE0}"
EndProject
Global
	GlobalSection(SolutionConfigurationPlatforms) = preSolution
		Debug|Any CPU = Debug|Any CPU
		Release|Any CPU = Release|Any CPU
	EndGlobalSection
	GlobalSection(ProjectConfigurationPlatforms) = postSolution
		{CC817120-BF0B-4683-814F-FA92B180BEE0}.Debug|Any CPU.ActiveCfg = Debug|Any CPU
		{CC817120-BF0B-4683-814F-FA92B180BEE0}.Debug|Any CPU.Build.0 = Debug|Any CPU
		{CC817120-BF0B-4683-814F-FA92B180BEE0}.Release|Any CPU.ActiveCfg = Release|Any CPU
		{CC817120-BF0B-4683-814F-FA92B180BEE0}.Release|Any CPU.Build.0 = Release|Any CPU
	EndGlobalSection
	GlobalSection(SolutionProperties) = preSolution
		HideSolutionNode = FALSE
	EndGlobalSection
	GlobalSection(ExtensibilityGlobals) = postSolution
		SolutionGuid = {343A1E8E-3F58-4AC4-896D-DC72D3628181}
	EndGlobalSection
EndGlobal
